{
    "_readme": [
        "This file locks the dependencies of your project to a known state",
        "Read more about it at https://getcomposer.org/doc/01-basic-usage.md#composer-lock-the-lock-file",
        "This file is @generated automatically"
    ],
    "hash": "5d882541196b36f5d3dfa2cce41a8eef",
    "packages": [
        {
            "name": "components/bootstrap",
            "version": "3.3.6",
            "source": {
                "type": "git",
                "url": "https://github.com/components/bootstrap.git",
                "reference": "fb4923919c620b8b2aa8a11eda16b49b0a9e8a27"
            },
            "dist": {
                "type": "zip",
                "url": "https://api.github.com/repos/components/bootstrap/zipball/fb4923919c620b8b2aa8a11eda16b49b0a9e8a27",
                "reference": "fb4923919c620b8b2aa8a11eda16b49b0a9e8a27",
                "shasum": ""
            },
            "require": {
                "components/jquery": "1.9.1 - 2"
            },
            "suggest": {
                "components/bootstrap-default": "Provide a theme for Bootstrap as components/bootstrap only provides the CSS as file assets"
            },
            "type": "component",
            "extra": {
                "component": {
                    "scripts": [
                        "js/bootstrap.js"
                    ],
                    "files": [
                        "js/*.js",
                        "css/*.css",
                        "css/*.map",
                        "fonts/*",
                        "less/mixins/*.less",
                        "less/*.less"
                    ],
                    "shim": {
                        "deps": [
                            "jquery"
                        ]
                    }
                }
            },
            "notification-url": "https://packagist.org/downloads/",
            "license": [
                "MIT"
            ],
            "authors": [
                {
                    "name": "Jacob Thornton",
                    "email": "jacobthornton@gmail.com"
                },
                {
                    "name": "Mark Otto",
                    "email": "markdotto@gmail.com"
                }
            ],
            "description": "The most popular front-end framework for developing responsive, mobile first projects on the web.",
            "homepage": "http://getbootstrap.com",
            "keywords": [
                "css",
                "framework",
                "front-end",
                "less",
                "mobile-first",
                "responsive",
                "web"
            ],
            "time": "2015-11-24 20:19:41"
        },
        {
            "name": "components/bootstrap-datetimepicker",
            "version": "2.3.5",
            "source": {
                "type": "git",
                "url": "https://github.com/sabinus52/bootstrap-datetimepicker.git",
                "reference": "4617091080d8eb58fd35d93564c458238db87396"
            },
            "dist": {
                "type": "zip",
                "url": "https://api.github.com/repos/sabinus52/bootstrap-datetimepicker/zipball/4617091080d8eb58fd35d93564c458238db87396",
                "reference": "4617091080d8eb58fd35d93564c458238db87396",
                "shasum": ""
            },
            "require": {
                "components/bootstrap": ">=2.0, <4.0"
            },
            "suggest": {
                "robloach/component-installer": "Allows installation of Components via Composer"
            },
            "type": "component",
            "extra": {
                "component": {
                    "scripts": [
                        "js/bootstrap-datetimepicker.js"
                    ],
                    "styles": [
                        "css/bootstrap-datetimepicker.css"
                    ],
                    "files": [
                        "js/*.js",
                        "js/locales/bootstrap-datetimepicker.*.js",
                        "css/*.css"
                    ]
                }
            },
            "notification-url": "https://packagist.org/downloads/",
            "license": [
                "Apache-2.0"
            ],
            "authors": [
                {
                    "name": "Sebastien MALOT"
                }
            ],
            "description": "Both Date and Time picker widget based on twitter bootstrap",
            "homepage": "http://www.malot.fr/bootstrap-datetimepicker/",
            "keywords": [
                "bootstrap",
                "date",
                "datepicker",
                "datetime",
                "jquery",
                "time",
                "timepicker"
            ],
            "time": "2015-10-30 19:03:02"
        },
        {
            "name": "components/jquery",
            "version": "2.2.4",
            "source": {
                "type": "git",
                "url": "https://github.com/components/jquery.git",
                "reference": "981036fcb56668433a7eb0d1e71190324b4574df"
            },
            "dist": {
                "type": "zip",
                "url": "https://api.github.com/repos/components/jquery/zipball/981036fcb56668433a7eb0d1e71190324b4574df",
                "reference": "981036fcb56668433a7eb0d1e71190324b4574df",
                "shasum": ""
            },
            "type": "component",
            "extra": {
                "component": {
                    "scripts": [
                        "jquery.js"
                    ],
                    "files": [
                        "jquery.min.js",
                        "jquery.min.map",
                        "jquery-migrate.js",
                        "jquery-migrate.min.js"
                    ]
                }
            },
            "notification-url": "https://packagist.org/downloads/",
            "license": [
                "MIT"
            ],
            "authors": [
                {
                    "name": "John Resig",
                    "email": "jeresig@gmail.com"
                }
            ],
            "description": "jQuery JavaScript Library",
            "homepage": "http://jquery.com",
            "time": "2016-05-25 06:43:59"
        },
        {
            "name": "fzaninotto/faker",
            "version": "v1.6.0",
            "source": {
                "type": "git",
                "url": "https://github.com/fzaninotto/Faker.git",
                "reference": "44f9a286a04b80c76a4e5fb7aad8bb539b920123"
            },
            "dist": {
                "type": "zip",
                "url": "https://api.github.com/repos/fzaninotto/Faker/zipball/44f9a286a04b80c76a4e5fb7aad8bb539b920123",
                "reference": "44f9a286a04b80c76a4e5fb7aad8bb539b920123",
                "shasum": ""
            },
            "require": {
                "php": "^5.3.3|^7.0"
            },
            "require-dev": {
                "ext-intl": "*",
                "phpunit/phpunit": "~4.0",
                "squizlabs/php_codesniffer": "~1.5"
            },
            "type": "library",
            "extra": {
                "branch-alias": []
            },
            "autoload": {
                "psr-4": {
                    "Faker\\": "src/Faker/"
                }
            },
            "notification-url": "https://packagist.org/downloads/",
            "license": [
                "MIT"
            ],
            "authors": [
                {
                    "name": "François Zaninotto"
                }
            ],
            "description": "Faker is a PHP library that generates fake data for you.",
            "keywords": [
                "data",
                "faker",
                "fixtures"
            ],
            "time": "2016-04-29 12:21:54"
        },
        {
            "name": "jdewit/bootstrap-timepicker",
            "version": "0.2.3",
            "source": {
                "type": "git",
                "url": "https://github.com/noirbizarre/bootstrap-timepicker.git",
                "reference": "14daa4c3533313491eb72292ffdfb655044a34b2"
            },
            "dist": {
                "type": "zip",
                "url": "https://api.github.com/repos/noirbizarre/bootstrap-timepicker/zipball/14daa4c3533313491eb72292ffdfb655044a34b2",
                "reference": "14daa4c3533313491eb72292ffdfb655044a34b2",
                "shasum": ""
            },
            "type": "library",
            "notification-url": "https://packagist.org/downloads/",
            "license": [
                "MIT"
            ],
            "authors": [
                {
                    "name": "Joris de Wit",
                    "email": "joris.w.dewit@gmail.com"
                }
            ],
            "description": "A simple timepicker component for Twitter Bootstrap.",
            "time": "2013-04-10 05:31:54"
        },
        {
            "name": "rlanvin/php-rrule",
            "version": "v1.2.0",
            "source": {
                "type": "git",
                "url": "https://github.com/rlanvin/php-rrule.git",
                "reference": "33fe88ff9ec27205e7802b560764207eb48564c7"
            },
            "dist": {
                "type": "zip",
                "url": "https://api.github.com/repos/rlanvin/php-rrule/zipball/33fe88ff9ec27205e7802b560764207eb48564c7",
                "reference": "33fe88ff9ec27205e7802b560764207eb48564c7",
                "shasum": ""
            },
            "require": {
                "php": ">=5.3.0"
            },
            "suggest": {
                "ext-intl": "Intl extension is needed for humanReadable()"
            },
            "type": "library",
            "autoload": {
                "psr-4": {
                    "RRule\\": "src/"
                }
            },
            "notification-url": "https://packagist.org/downloads/",
            "license": [
                "MIT"
            ],
            "description": "Lightweight and fast recurrence rules for PHP (RFC 5545)",
            "homepage": "https://github.com/rlanvin/php-rrule",
            "keywords": [
                "date",
                "ical",
                "recurrence",
                "recurring",
                "rrule"
            ],
            "time": "2016-04-09 15:37:43"
        }
    ],
    "packages-dev": [
        {
            "name": "mikey179/vfsStream",
            "version": "v1.1.0",
            "source": {
                "type": "git",
                "url": "https://github.com/mikey179/vfsStream.git",
                "reference": "fc0fe8f4d0b527254a2dc45f0c265567c881d07e"
            },
            "dist": {
                "type": "zip",
                "url": "https://api.github.com/repos/mikey179/vfsStream/zipball/fc0fe8f4d0b527254a2dc45f0c265567c881d07e",
                "reference": "fc0fe8f4d0b527254a2dc45f0c265567c881d07e",
                "shasum": ""
            },
            "require": {
                "php": ">=5.3.0"
            },
            "type": "library",
            "autoload": {
                "psr-0": {
                    "org\\bovigo\\vfs": "src/main/php"
                }
            },
            "notification-url": "https://packagist.org/downloads/",
            "license": [
                "BSD"
            ],
            "homepage": "http://vfs.bovigo.org/",
            "time": "2012-08-25 12:49:29"
        }
    ],
    "aliases": [],
    "minimum-stability": "stable",
    "stability-flags": [],
    "prefer-stable": false,
    "prefer-lowest": false,
    "platform": {
        "php": ">=5.2.4"
    },
    "platform-dev": []
}
